// !$*UTF8*$!
{
	archiveVersion = 1;
	classes = {
	};
	objectVersion = 50;
	objects = {

/* Begin PBXBuildFile section */
		0216353323DF0125006F44FB /* ThirdViewController.swift in Sources */ = {isa = PBXBuildFile; fileRef = 0216353223DF0125006F44FB /* ThirdViewController.swift */; };
		023F089E23DED8440081F9A4 /* AppDelegate.swift in Sources */ = {isa = PBXBuildFile; fileRef = 023F089D23DED8440081F9A4 /* AppDelegate.swift */; };
		023F08A223DED8440081F9A4 /* FirstViewController.swift in Sources */ = {isa = PBXBuildFile; fileRef = 023F08A123DED8440081F9A4 /* FirstViewController.swift */; };
		023F08A523DED8440081F9A4 /* Main.storyboard in Resources */ = {isa = PBXBuildFile; fileRef = 023F08A323DED8440081F9A4 /* Main.storyboard */; };
		023F08A723DED8460081F9A4 /* Assets.xcassets in Resources */ = {isa = PBXBuildFile; fileRef = 023F08A623DED8460081F9A4 /* Assets.xcassets */; };
		023F08AA23DED8460081F9A4 /* LaunchScreen.storyboard in Resources */ = {isa = PBXBuildFile; fileRef = 023F08A823DED8460081F9A4 /* LaunchScreen.storyboard */; };
		023F08B623DEDA800081F9A4 /* SecondViewController.swift in Sources */ = {isa = PBXBuildFile; fileRef = 023F08B523DEDA800081F9A4 /* SecondViewController.swift */; };
		023F08B923DEDDBE0081F9A4 /* Coordinator.swift in Sources */ = {isa = PBXBuildFile; fileRef = 023F08B823DEDDBE0081F9A4 /* Coordinator.swift */; };
		023F08BB23DEE45A0081F9A4 /* Storyboarded.swift in Sources */ = {isa = PBXBuildFile; fileRef = 023F08BA23DEE45A0081F9A4 /* Storyboarded.swift */; };
		023F08BD23DEE6240081F9A4 /* MainCoordinator.swift in Sources */ = {isa = PBXBuildFile; fileRef = 023F08BC23DEE6240081F9A4 /* MainCoordinator.swift */; };
/* End PBXBuildFile section */

/* Begin PBXFileReference section */
		0216353223DF0125006F44FB /* ThirdViewController.swift */ = {isa = PBXFileReference; lastKnownFileType = sourcecode.swift; path = ThirdViewController.swift; sourceTree = "<group>"; };
		023F089A23DED8440081F9A4 /* CoordinatorPattern.app */ = {isa = PBXFileReference; explicitFileType = wrapper.application; includeInIndex = 0; path = CoordinatorPattern.app; sourceTree = BUILT_PRODUCTS_DIR; };
		023F089D23DED8440081F9A4 /* AppDelegate.swift */ = {isa = PBXFileReference; lastKnownFileType = sourcecode.swift; path = AppDelegate.swift; sourceTree = "<group>"; };
		023F08A123DED8440081F9A4 /* FirstViewController.swift */ = {isa = PBXFileReference; lastKnownFileType = sourcecode.swift; path = FirstViewController.swift; sourceTree = "<group>"; };
		023F08A423DED8440081F9A4 /* Base */ = {isa = PBXFileReference; lastKnownFileType = file.storyboard; name = Base; path = Base.lproj/Main.storyboard; sourceTree = "<group>"; };
		023F08A623DED8460081F9A4 /* Assets.xcassets */ = {isa = PBXFileReference; lastKnownFileType = folder.assetcatalog; path = Assets.xcassets; sourceTree = "<group>"; };
		023F08A923DED8460081F9A4 /* Base */ = {isa = PBXFileReference; lastKnownFileType = file.storyboard; name = Base; path = Base.lproj/LaunchScreen.storyboard; sourceTree = "<group>"; };
		023F08AB23DED8460081F9A4 /* Info.plist */ = {isa = PBXFileReference; lastKnownFileType = text.plist.xml; path = Info.plist; sourceTree = "<group>"; };
		023F08B523DEDA800081F9A4 /* SecondViewController.swift */ = {isa = PBXFileReference; lastKnownFileType = sourcecode.swift; path = SecondViewController.swift; sourceTree = "<group>"; };
		023F08B823DEDDBE0081F9A4 /* Coordinator.swift */ = {isa = PBXFileReference; lastKnownFileType = sourcecode.swift; path = Coordinator.swift; sourceTree = "<group>"; };
		023F08BA23DEE45A0081F9A4 /* Storyboarded.swift */ = {isa = PBXFileReference; lastKnownFileType = sourcecode.swift; path = Storyboarded.swift; sourceTree = "<group>"; };
		023F08BC23DEE6240081F9A4 /* MainCoordinator.swift */ = {isa = PBXFileReference; lastKnownFileType = sourcecode.swift; path = MainCoordinator.swift; sourceTree = "<group>"; };
/* End PBXFileReference section */

/* Begin PBXFrameworksBuildPhase section */
		023F089723DED8440081F9A4 /* Frameworks */ = {
			isa = PBXFrameworksBuildPhase;
			buildActionMask = 2147483647;
			files = (
			);
			runOnlyForDeploymentPostprocessing = 0;
		};
/* End PBXFrameworksBuildPhase section */

/* Begin PBXGroup section */
		0216353123DF010E006F44FB /* Third */ = {
			isa = PBXGroup;
			children = (
				0216353223DF0125006F44FB /* ThirdViewController.swift */,
			);
			path = Third;
			sourceTree = "<group>";
		};
		023F089123DED8440081F9A4 = {
			isa = PBXGroup;
			children = (
				023F089C23DED8440081F9A4 /* CoordinatorPattern */,
				023F089B23DED8440081F9A4 /* Products */,
			);
			sourceTree = "<group>";
		};
		023F089B23DED8440081F9A4 /* Products */ = {
			isa = PBXGroup;
			children = (
				023F089A23DED8440081F9A4 /* CoordinatorPattern.app */,
			);
			name = Products;
			sourceTree = "<group>";
		};
		023F089C23DED8440081F9A4 /* CoordinatorPattern */ = {
			isa = PBXGroup;
			children = (
				023F08B123DED9950081F9A4 /* AppDelegate */,
				023F08B723DEDDAF0081F9A4 /* Protocol */,
				023F08B223DED9A80081F9A4 /* Scenes */,
				023F08A623DED8460081F9A4 /* Assets.xcassets */,
				023F08A823DED8460081F9A4 /* LaunchScreen.storyboard */,
				023F08AB23DED8460081F9A4 /* Info.plist */,
			);
			path = CoordinatorPattern;
			sourceTree = "<group>";
		};
		023F08B123DED9950081F9A4 /* AppDelegate */ = {
			isa = PBXGroup;
			children = (
				023F089D23DED8440081F9A4 /* AppDelegate.swift */,
			);
			path = AppDelegate;
			sourceTree = "<group>";
		};
		023F08B223DED9A80081F9A4 /* Scenes */ = {
			isa = PBXGroup;
			children = (
				023F08B323DEDA050081F9A4 /* First */,
				023F08B423DEDA0A0081F9A4 /* Second */,
				0216353123DF010E006F44FB /* Third */,
				023F08BC23DEE6240081F9A4 /* MainCoordinator.swift */,
				023F08A323DED8440081F9A4 /* Main.storyboard */,
			);
			path = Scenes;
			sourceTree = "<group>";
		};
		023F08B323DEDA050081F9A4 /* First */ = {
			isa = PBXGroup;
			children = (
				023F08A123DED8440081F9A4 /* FirstViewController.swift */,
			);
			path = First;
			sourceTree = "<group>";
		};
		023F08B423DEDA0A0081F9A4 /* Second */ = {
			isa = PBXGroup;
			children = (
				023F08B523DEDA800081F9A4 /* SecondViewController.swift */,
			);
			path = Second;
			sourceTree = "<group>";
		};
		023F08B723DEDDAF0081F9A4 /* Protocol */ = {
			isa = PBXGroup;
			children = (
				023F08B823DEDDBE0081F9A4 /* Coordinator.swift */,
				023F08BA23DEE45A0081F9A4 /* Storyboarded.swift */,
			);
			path = Protocol;
			sourceTree = "<group>";
		};
/* End PBXGroup section */

/* Begin PBXNativeTarget section */
		023F089923DED8440081F9A4 /* CoordinatorPattern */ = {
			isa = PBXNativeTarget;
			buildConfigurationList = 023F08AE23DED8460081F9A4 /* Build configuration list for PBXNativeTarget "CoordinatorPattern" */;
			buildPhases = (
				023F089623DED8440081F9A4 /* Sources */,
				023F089723DED8440081F9A4 /* Frameworks */,
				023F089823DED8440081F9A4 /* Resources */,
			);
			buildRules = (
			);
			dependencies = (
			);
			name = CoordinatorPattern;
			productName = CoordinatorPattern;
			productReference = 023F089A23DED8440081F9A4 /* CoordinatorPattern.app */;
			productType = "com.apple.product-type.application";
		};
/* End PBXNativeTarget section */

/* Begin PBXProject section */
		023F089223DED8440081F9A4 /* Project object */ = {
			isa = PBXProject;
			attributes = {
				LastSwiftUpdateCheck = 1120;
				LastUpgradeCheck = 1120;
				ORGANIZATIONNAME = "Koray Yildiz";
				TargetAttributes = {
					023F089923DED8440081F9A4 = {
						CreatedOnToolsVersion = 11.2.1;
					};
				};
			};
			buildConfigurationList = 023F089523DED8440081F9A4 /* Build configuration list for PBXProject "CoordinatorPattern" */;
			compatibilityVersion = "Xcode 9.3";
			developmentRegion = en;
			hasScannedForEncodings = 0;
			knownRegions = (
				en,
				Base,
			);
			mainGroup = 023F089123DED8440081F9A4;
			productRefGroup = 023F089B23DED8440081F9A4 /* Products */;
			projectDirPath = "";
			projectRoot = "";
			targets = (
				023F089923DED8440081F9A4 /* CoordinatorPattern */,
			);
		};
/* End PBXProject section */

/* Begin PBXResourcesBuildPhase section */
		023F089823DED8440081F9A4 /* Resources */ = {
			isa = PBXResourcesBuildPhase;
			buildActionMask = 2147483647;
			files = (
				023F08AA23DED8460081F9A4 /* LaunchScreen.storyboard in Resources */,
				023F08A723DED8460081F9A4 /* Assets.xcassets in Resources */,
				023F08A523DED8440081F9A4 /* Main.storyboard in Resources */,
			);
			runOnlyForDeploymentPostprocessing = 0;
		};
/* End PBXResourcesBuildPhase section */

/* Begin PBXSourcesBuildPhase section */
		023F089623DED8440081F9A4 /* Sources */ = {
			isa = PBXSourcesBuildPhase;
			buildActionMask = 2147483647;
			files = (
				023F08B923DEDDBE0081F9A4 /* Coordinator.swift in Sources */,
				023F08BD23DEE6240081F9A4 /* MainCoordinator.swift in Sources */,
				023F08B623DEDA800081F9A4 /* SecondViewController.swift in Sources */,
				0216353323DF0125006F44FB /* ThirdViewController.swift in Sources */,
				023F08A223DED8440081F9A4 /* FirstViewController.swift in Sources */,
				023F089E23DED8440081F9A4 /* AppDelegate.swift in Sources */,
				023F08BB23DEE45A0081F9A4 /* Storyboarded.swift in Sources */,
			);
			runOnlyForDeploymentPostprocessing = 0;
		};
/* End PBXSourcesBuildPhase section */

/* Begin PBXVariantGroup section */
		023F08A323DED8440081F9A4 /* Main.storyboard */ = {
			isa = PBXVariantGroup;
			children = (
				023F08A423DED8440081F9A4 /* Base */,
			);
			name = Main.storyboard;
			sourceTree = "<group>";
		};
		023F08A823DED8460081F9A4 /* LaunchScreen.storyboard */ = {
			isa = PBXVariantGroup;
			children = (
				023F08A923DED8460081F9A4 /* Base */,
			);
			name = LaunchScreen.storyboard;
			sourceTree = "<group>";
		};
/* End PBXVariantGroup section */

/* Begin XCBuildConfiguration section */
		023F08AC23DED8460081F9A4 /* Debug */ = {
			isa = XCBuildConfiguration;
			buildSettings = {
				ALWAYS_SEARCH_USER_PATHS = NO;
				CLANG_ANALYZER_NONNULL = YES;
				CLANG_ANALYZER_NUMBER_OBJECT_CONVERSION = YES_AGGRESSIVE;
				CLANG_CXX_LANGUAGE_STANDARD = "gnu++14";
				CLANG_CXX_LIBRARY = "libc++";
				CLANG_ENABLE_MODULES = YES;
				CLANG_ENABLE_OBJC_ARC = YES;
				CLANG_ENABLE_OBJC_WEAK = YES;
				CLANG_WARN_BLOCK_CAPTURE_AUTORELEASING = YES;
				CLANG_WARN_BOOL_CONVERSION = YES;
				CLANG_WARN_COMMA = YES;
				CLANG_WARN_CONSTANT_CONVERSION = YES;
				CLANG_WARN_DEPRECATED_OBJC_IMPLEMENTATIONS = YES;
				CLANG_WARN_DIRECT_OBJC_ISA_USAGE = YES_ERROR;
				CLANG_WARN_DOCUMENTATION_COMMENTS = YES;
				CLANG_WARN_EMPTY_BODY = YES;
				CLANG_WARN_ENUM_CONVERSION = YES;
				CLANG_WARN_INFINITE_RECURSION = YES;
				CLANG_WARN_INT_CONVERSION = YES;
				CLANG_WARN_NON_LITERAL_NULL_CONVERSION = YES;
				CLANG_WARN_OBJC_IMPLICIT_RETAIN_SELF = YES;
				CLANG_WARN_OBJC_LITERAL_CONVERSION = YES;
				CLANG_WARN_OBJC_ROOT_CLASS = YES_ERROR;
				CLANG_WARN_RANGE_LOOP_ANALYSIS = YES;
				CLANG_WARN_STRICT_PROTOTYPES = YES;
				CLANG_WARN_SUSPICIOUS_MOVE = YES;
				CLANG_WARN_UNGUARDED_AVAILABILITY = YES_AGGRESSIVE;
				CLANG_WARN_UNREACHABLE_CODE = YES;
				CLANG_WARN__DUPLICATE_METHOD_MATCH = YES;
				COPY_PHASE_STRIP = NO;
				DEBUG_INFORMATION_FORMAT = dwarf;
				ENABLE_STRICT_OBJC_MSGSEND = YES;
				ENABLE_TESTABILITY = YES;
				GCC_C_LANGUAGE_STANDARD = gnu11;
				GCC_DYNAMIC_NO_PIC = NO;
				GCC_NO_COMMON_BLOCKS = YES;
				GCC_OPTIMIZATION_LEVEL = 0;
				GCC_PREPROCESSOR_DEFINITIONS = (
					"DEBUG=1",
					"$(inherited)",
				);
				GCC_WARN_64_TO_32_BIT_CONVERSION = YES;
				GCC_WARN_ABOUT_RETURN_TYPE = YES_ERROR;
				GCC_WARN_UNDECLARED_SELECTOR = YES;
				GCC_WARN_UNINITIALIZED_AUTOS = YES_AGGRESSIVE;
				GCC_WARN_UNUSED_FUNCTION = YES;
				GCC_WARN_UNUSED_VARIABLE = YES;
				IPHONEOS_DEPLOYMENT_TARGET = 11.0;
				MTL_ENABLE_DEBUG_INFO = INCLUDE_SOURCE;
				MTL_FAST_MATH = YES;
				ONLY_ACTIVE_ARCH = YES;
				SDKROOT = iphoneos;
				SWIFT_ACTIVE_COMPILATION_CONDITIONS = DEBUG;
				SWIFT_OPTIMIZATION_LEVEL = "-Onone";
			};
			name = Debug;
		};
		023F08AD23DED8460081F9A4 /* Release */ = {
			isa = XCBuildConfiguration;
			buildSettings = {
				ALWAYS_SEARCH_USER_PATHS = NO;
				CLANG_ANALYZER_NONNULL = YES;
				CLANG_ANALYZER_NUMBER_OBJECT_CONVERSION = YES_AGGRESSIVE;
				CLANG_CXX_LANGUAGE_STANDARD = "gnu++14";
				CLANG_CXX_LIBRARY = "libc++";
				CLANG_ENABLE_MODULES = YES;
				CLANG_ENABLE_OBJC_ARC = YES;
				CLANG_ENABLE_OBJC_WEAK = YES;
				CLANG_WARN_BLOCK_CAPTURE_AUTORELEASING = YES;
				CLANG_WARN_BOOL_CONVERSION = YES;
				CLANG_WARN_COMMA = YES;
				CLANG_WARN_CONSTANT_CONVERSION = YES;
				CLANG_WARN_DEPRECATED_OBJC_IMPLEMENTATIONS = YES;
				CLANG_WARN_DIRECT_OBJC_ISA_USAGE = YES_ERROR;
				CLANG_WARN_DOCUMENTATION_COMMENTS = YES;
				CLANG_WARN_EMPTY_BODY = YES;
				CLANG_WARN_ENUM_CONVERSION = YES;
				CLANG_WARN_INFINITE_RECURSION = YES;
				CLANG_WARN_INT_CONVERSION = YES;
				CLANG_WARN_NON_LITERAL_NULL_CONVERSION = YES;
				CLANG_WARN_OBJC_IMPLICIT_RETAIN_SELF = YES;
				CLANG_WARN_OBJC_LITERAL_CONVERSION = YES;
				CLANG_WARN_OBJC_ROOT_CLASS = YES_ERROR;
				CLANG_WARN_RANGE_LOOP_ANALYSIS = YES;
				CLANG_WARN_STRICT_PROTOTYPES = YES;
				CLANG_WARN_SUSPICIOUS_MOVE = YES;
				CLANG_WARN_UNGUARDED_AVAILABILITY = YES_AGGRESSIVE;
				CLANG_WARN_UNREACHABLE_CODE = YES;
				CLANG_WARN__DUPLICATE_METHOD_MATCH = YES;
				COPY_PHASE_STRIP = NO;
				DEBUG_INFORMATION_FORMAT = "dwarf-with-dsym";
				ENABLE_NS_ASSERTIONS = NO;
				ENABLE_STRICT_OBJC_MSGSEND = YES;
				GCC_C_LANGUAGE_STANDARD = gnu11;
				GCC_NO_COMMON_BLOCKS = YES;
				GCC_WARN_64_TO_32_BIT_CONVERSION = YES;
				GCC_WARN_ABOUT_RETURN_TYPE = YES_ERROR;
				GCC_WARN_UNDECLARED_SELECTOR = YES;
				GCC_WARN_UNINITIALIZED_AUTOS = YES_AGGRESSIVE;
				GCC_WARN_UNUSED_FUNCTION = YES;
				GCC_WARN_UNUSED_VARIABLE = YES;
				IPHONEOS_DEPLOYMENT_TARGET = 11.0;
				MTL_ENABLE_DEBUG_INFO = NO;
				MTL_FAST_MATH = YES;
				SDKROOT = iphoneos;
				SWIFT_COMPILATION_MODE = wholemodule;
				SWIFT_OPTIMIZATION_LEVEL = "-O";
				VALIDATE_PRODUCT = YES;
			};
			name = Release;
		};
		023F08AF23DED8460081F9A4 /* Debug */ = {
			isa = XCBuildConfiguration;
			buildSettings = {
				ASSETCATALOG_COMPILER_APPICON_NAME = AppIcon;
				CODE_SIGN_STYLE = Automatic;
				DEVELOPMENT_TEAM = VALK7BP96F;
				INFOPLIST_FILE = CoordinatorPattern/Info.plist;
				LD_RUNPATH_SEARCH_PATHS = (
					"$(inherited)",
					"@executable_path/Frameworks",
				);
				PRODUCT_BUNDLE_IDENTIFIER = com.yildizkoray.CoordinatorPattern;
				PRODUCT_NAME = "$(TARGET_NAME)";
				SWIFT_VERSION = 5.0;
				TARGETED_DEVICE_FAMILY = "1,2";
			};
			name = Debug;
		};
		023F08B023DED8460081F9A4 /* Release */ = {
			isa = XCBuildConfiguration;
			buildSettings = {
				ASSETCATALOG_COMPILER_APPICON_NAME = AppIcon;
				CODE_SIGN_STYLE = Automatic;
				DEVELOPMENT_TEAM = VALK7BP96F;
				INFOPLIST_FILE = CoordinatorPattern/Info.plist;
				LD_RUNPATH_SEARCH_PATHS = (
					"$(inherited)",
					"@executable_path/Frameworks",
				);
				PRODUCT_BUNDLE_IDENTIFIER = com.yildizkoray.CoordinatorPattern;
				PRODUCT_NAME = "$(TARGET_NAME)";
				SWIFT_VERSION = 5.0;
				TARGETED_DEVICE_FAMILY = "1,2";
			};
			name = Release;
		};
/* End XCBuildConfiguration section */

/* Begin XCConfigurationList section */
		023F089523DED8440081F9A4 /* Build configuration list for PBXProject "CoordinatorPattern" */ = {
			isa = XCConfigurationList;
			buildConfigurations = (
				023F08AC23DED8460081F9A4 /* Debug */,
				023F08AD23DED8460081F9A4 /* Release */,
			);
			defaultConfigurationIsVisible = 0;
			defaultConfigurationName = Release;
		};
		023F08AE23DED8460081F9A4 /* Build configuration list for PBXNativeTarget "CoordinatorPattern" */ = {
			isa = XCConfigurationList;
			buildConfigurations = (
				023F08AF23DED8460081F9A4 /* Debug */,
				023F08B023DED8460081F9A4 /* Release */,
			);
			defaultConfigurationIsVisible = 0;
			defaultConfigurationName = Release;
		};
/* End XCConfigurationList section */
	};
	rootObject = 023F089223DED8440081F9A4 /* Project object */;
}
